dependencies:
- name: kube-prometheus-stack
  repository: https://prometheus-community.github.io/helm-charts
  version: 65.1.1
- name: loki
  repository: https://grafana.github.io/helm-charts
  version: 6.16.0
- name: promtail
  repository: https://grafana.github.io/helm-charts
  version: 6.16.0
- name: opentelemetry-collector
  repository: https://open-telemetry.github.io/opentelemetry-helm-charts
  version: 0.120.0
digest: sha256:48f5cf5c432a7b6481400502a2e1978d08dc1fe0e2985d3192e50b39870b4afd
generated: "2025-07-14T15:59:30.671027+05:30"
