dependencies:
- name: redis
  repository: https://charts.bitnami.com/bitnami
  version: 18.6.1
- name: postgresql
  repository: https://charts.bitnami.com/bitnami
  version: 13.2.27
- name: hyperswitchsdk
  repository: file://../hyperswitch-sdk
  version: 0.1.0
digest: sha256:122a406961f8ec0dc4d9a159bacf7fb2c05c8c9670f08b88ed8345987517efb9
generated: "2024-02-02T02:38:47.669694+05:30"
