dependencies:
- name: redis
  repository: https://charts.bitnami.com/bitnami
  version: 18.6.1
- name: postgresql
  repository: https://charts.bitnami.com/bitnami
  version: 13.2.27
- name: hyperswitchsdk
  repository: https://mehdi-ra.github.io/hyperswitch-helm
  version: 0.1.1
digest: sha256:f230ea130cabd9fe1e591b9ea9b3584851af1eba3495fe16f9c7b49146f9d05d
generated: "2024-02-02T13:37:13.134665481+03:30"
