dependencies:
- name: redis
  repository: https://charts.bitnami.com/bitnami
  version: 18.6.1
- name: postgresql
  repository: https://charts.bitnami.com/bitnami
  version: 13.2.27
- name: hyperswitch-card-vault
  repository: file://../hyperswitch-card-vault
  version: 0.1.0
- name: hyperswitchsdk
  repository: file://../hyperswitch-sdk
  version: 0.1.0
digest: sha256:362d4004c9eb47e250d440c50355147d32be77e4725016a0acdd7a99d14c1a3c
generated: "2024-02-02T02:57:03.293813+05:30"
