dependencies:
- name: hyperswitch-app
  repository: file://../hyperswitch-app
  version: 0.2.0
- name: hyperswitch-web
  repository: file://../hyperswitch-web
  version: 0.2.0
digest: sha256:5494a3555bbeff1e5d05c786522c93b5eebde3e762b7b09b44e706b65656415b
generated: "2024-12-10T13:08:00.535424+05:30"
