dependencies:
- name: hyperswitch-app
  repository: file://../hyperswitch-app
  version: 0.2.6
- name: hyperswitch-web
  repository: file://../hyperswitch-web
  version: 0.2.6
- name: prometheus
  repository: https://prometheus-community.github.io/helm-charts
  version: 27.8.0
- name: hyperswitch-ucs
  repository: file://../hyperswitch-ucs
  version: 0.1.0
digest: sha256:be5dd1dafd7533df546ab24fbcd0aef797629108ae59db9e7c3446653e726cbf
generated: "2025-07-21T12:25:38.228282+05:30"
