dependencies:
- name: redis
  repository: https://charts.bitnami.com/bitnami
  version: 18.6.1
- name: postgresql
  repository: https://charts.bitnami.com/bitnami
  version: 15.5.38
- name: hyperswitch-card-vault
  repository: https://juspay.github.io/hyperswitch-helm
  version: 0.1.4
- name: kafka
  repository: https://charts.bitnami.com/bitnami
  version: 31.0.0
- name: clickhouse
  repository: https://charts.bitnami.com/bitnami
  version: 6.3.3
- name: mailhog
  repository: https://codecentric.github.io/helm-charts
  version: 4.0.0
- name: vector
  repository: https://helm.vector.dev
  version: 0.37.0
- name: superposition
  repository: oci://ghcr.io/juspay/helm-charts
  version: 0.112.0
digest: sha256:3ad813bb5f2a05fb083d0cadafe4a51830c718793f2473d61ee654508bcb21a5
generated: "2026-06-17T09:48:39.3277531Z"
