dependencies:
- name: redis
  repository: https://charts.bitnami.com/bitnami
  version: 18.6.1
- name: postgresql
  repository: https://charts.bitnami.com/bitnami
  version: 15.5.38
- name: hyperswitch-card-vault
  repository: file://../hyperswitch-card-vault
  version: 0.1.0
- name: kafka
  repository: https://charts.bitnami.com/bitnami
  version: 31.0.0
- name: clickhouse
  repository: https://charts.bitnami.com/bitnami
  version: 6.3.3
- name: mailhog
  repository: https://codecentric.github.io/helm-charts
  version: 4.0.0
- name: loki-stack
  repository: https://grafana.github.io/helm-charts
  version: 2.10.2
- name: vector
  repository: https://helm.vector.dev
  version: 0.37.0
digest: sha256:e8f5a2d16903bca0017404c92ed2cc9c14f0423e9d0e62c99cd34b372d2fb675
generated: "2025-03-10T18:37:20.782338+05:30"
