dependencies:
- name: redis
  repository: https://charts.bitnami.com/bitnami
  version: 18.6.1
- name: postgresql
  repository: https://charts.bitnami.com/bitnami
  version: 13.2.27
- name: hyperswitch-card-vault
  repository: file://../hyperswitch-card-vault
  version: 0.1.0
digest: sha256:92c04c97c8678d965516239e9ba8e84ea00eb32caa1075543a857b75e09eae6d
generated: "2024-02-19T12:14:03.697715+05:30"
